<?xml version="1.0" encoding="utf-8"?>
<Project xmlns="http://schemas.microsoft.com/developer/msbuild/2003">
  <ItemGroup>
    <ClCompile Include="main.cpp" />
    <ClCompile Include="..\..\src\utils\python_embedding.cpp" />
  </ItemGroup>
  <ItemGroup>
    <ClInclude Include="..\..\src\vps\vps.hpp" />
    <ClInclude Include="..\..\src\utils\python_embedding.hpp" />
  </ItemGroup>
  <ItemGroup>
    <None Include="..\..\src\vps\vps.py" />
  </ItemGroup>
</Project>