
Microsoft Visual Studio Solution File, Format Version 12.00
# Visual Studio Version 16
VisualStudioVersion = 16.0.29215.179
MinimumVisualStudioVersion = 10.0.40219.1
Project("{8BC9CEB8-8B4A-11D0-8D11-00A0C91BC942}") = "localizer_test", "localizer_test\localizer_test.vcxproj", "{0DBFC5CD-E6C4-4D4C-9691-140CCBDCF8AF}"
EndProject
Project("{8BC9CEB8-8B4A-11D0-8D11-00A0C91BC942}") = "proj_template", "proj_template\proj_template.vcxproj", "{3CC90140-7D1B-494F-AD0C-5EBDC0A12DBE}"
EndProject
Project("{8BC9CEB8-8B4A-11D0-8D11-00A0C91BC942}") = "guidance_test", "guidance_test\guidance_test.vcxproj", "{F763329B-5B6C-414A-BDBA-F2BB39FDF4D0}"
EndProject
Project("{8BC9CEB8-8B4A-11D0-8D11-00A0C91BC942}") = "map_manager_test", "map_manager_test\map_manager_test.vcxproj", "{FB401C0A-9F85-48A5-9452-0341C0AF7D22}"
EndProject
Project("{8BC9CEB8-8B4A-11D0-8D11-00A0C91BC942}") = "dg_test", "dg_test\dg_test.vcxproj", "{7FCCC221-F1C9-46B0-9921-A4FD9DF0EB17}"
EndProject
Global
	GlobalSection(SolutionConfigurationPlatforms) = preSolution
		Debug|x64 = Debug|x64
		Release|x64 = Release|x64
	EndGlobalSection
	GlobalSection(ProjectConfigurationPlatforms) = postSolution
		{0DBFC5CD-E6C4-4D4C-9691-140CCBDCF8AF}.Debug|x64.ActiveCfg = Debug|x64
		{0DBFC5CD-E6C4-4D4C-9691-140CCBDCF8AF}.Debug|x64.Build.0 = Debug|x64
		{0DBFC5CD-E6C4-4D4C-9691-140CCBDCF8AF}.Release|x64.ActiveCfg = Debug|x64
		{0DBFC5CD-E6C4-4D4C-9691-140CCBDCF8AF}.Release|x64.Build.0 = Debug|x64
		{3CC90140-7D1B-494F-AD0C-5EBDC0A12DBE}.Debug|x64.ActiveCfg = Debug|x64
		{3CC90140-7D1B-494F-AD0C-5EBDC0A12DBE}.Debug|x64.Build.0 = Debug|x64
		{3CC90140-7D1B-494F-AD0C-5EBDC0A12DBE}.Release|x64.ActiveCfg = Release|x64
		{3CC90140-7D1B-494F-AD0C-5EBDC0A12DBE}.Release|x64.Build.0 = Release|x64
		{F763329B-5B6C-414A-BDBA-F2BB39FDF4D0}.Debug|x64.ActiveCfg = Debug|x64
		{F763329B-5B6C-414A-BDBA-F2BB39FDF4D0}.Debug|x64.Build.0 = Debug|x64
		{F763329B-5B6C-414A-BDBA-F2BB39FDF4D0}.Release|x64.ActiveCfg = Release|x64
		{F763329B-5B6C-414A-BDBA-F2BB39FDF4D0}.Release|x64.Build.0 = Release|x64
		{FB401C0A-9F85-48A5-9452-0341C0AF7D22}.Debug|x64.ActiveCfg = Debug|x64
		{FB401C0A-9F85-48A5-9452-0341C0AF7D22}.Debug|x64.Build.0 = Debug|x64
		{FB401C0A-9F85-48A5-9452-0341C0AF7D22}.Release|x64.ActiveCfg = Release|x64
		{FB401C0A-9F85-48A5-9452-0341C0AF7D22}.Release|x64.Build.0 = Release|x64
		{7FCCC221-F1C9-46B0-9921-A4FD9DF0EB17}.Debug|x64.ActiveCfg = Debug|x64
		{7FCCC221-F1C9-46B0-9921-A4FD9DF0EB17}.Debug|x64.Build.0 = Debug|x64
		{7FCCC221-F1C9-46B0-9921-A4FD9DF0EB17}.Release|x64.ActiveCfg = Release|x64
		{7FCCC221-F1C9-46B0-9921-A4FD9DF0EB17}.Release|x64.Build.0 = Release|x64
	EndGlobalSection
	GlobalSection(SolutionProperties) = preSolution
		HideSolutionNode = FALSE
	EndGlobalSection
	GlobalSection(ExtensibilityGlobals) = postSolution
		SolutionGuid = {620E4DFC-2FC7-42A3-9DBF-157A906EFE83}
	EndGlobalSection
EndGlobal
