<?xml version="1.0" encoding="utf-8"?>
<Project xmlns="http://schemas.microsoft.com/developer/msbuild/2003">
  <ItemGroup>
    <Filter Include="Source Files">
      <UniqueIdentifier>{4FC737F1-C7A5-4376-A066-2A32D752A2FF}</UniqueIdentifier>
      <Extensions>cpp;c;cc;cxx;def;odl;idl;hpj;bat;asm;asmx</Extensions>
    </Filter>
    <Filter Include="Header Files">
      <UniqueIdentifier>{93995380-89BD-4b04-88EB-625FBE52EBFB}</UniqueIdentifier>
      <Extensions>h;hh;hpp;hxx;hm;inl;inc;xsd</Extensions>
    </Filter>
    <Filter Include="Resource Files">
      <UniqueIdentifier>{67DA6AB6-F800-4c08-8B7A-83BB121AAD01}</UniqueIdentifier>
      <Extensions>rc;ico;cur;bmp;dlg;rc2;rct;bin;rgs;gif;jpg;jpeg;jpe;resx;tiff;tif;png;wav;mfcribbon-ms</Extensions>
    </Filter>
    <Filter Include="Header Files\core">
      <UniqueIdentifier>{be475538-f05c-43df-9b11-4c39d7ad78cc}</UniqueIdentifier>
    </Filter>
    <Filter Include="Header Files\localizer">
      <UniqueIdentifier>{a24d30d7-ced3-487a-b9d8-031545feca1d}</UniqueIdentifier>
    </Filter>
    <Filter Include="Header Files\map_manager">
      <UniqueIdentifier>{83a83966-0742-485d-9e87-23f9ad479939}</UniqueIdentifier>
    </Filter>
  </ItemGroup>
  <ItemGroup>
    <ClCompile Include="main.cpp">
      <Filter>Source Files</Filter>
    </ClCompile>
    <ClCompile Include="..\..\src\map_manager\map_manager.cpp">
      <Filter>Header Files\map_manager</Filter>
    </ClCompile>
    <ClCompile Include="..\..\src\core\simple_road_map.cpp">
      <Filter>Header Files\core</Filter>
    </ClCompile>
  </ItemGroup>
  <ItemGroup>
    <ClInclude Include="..\..\src\dg_core.hpp">
      <Filter>Header Files</Filter>
    </ClInclude>
    <ClInclude Include="..\..\src\dg_localizer.hpp">
      <Filter>Header Files</Filter>
    </ClInclude>
    <ClInclude Include="..\..\src\dg_map_manager.hpp">
      <Filter>Header Files</Filter>
    </ClInclude>
    <ClInclude Include="..\..\src\opencx.hpp">
      <Filter>Header Files</Filter>
    </ClInclude>
    <ClInclude Include="..\..\src\core\basic_type.hpp">
      <Filter>Header Files\core</Filter>
    </ClInclude>
    <ClInclude Include="..\..\src\core\directed_graph.hpp">
      <Filter>Header Files\core</Filter>
    </ClInclude>
    <ClInclude Include="..\..\src\core\localizer.hpp">
      <Filter>Header Files\core</Filter>
    </ClInclude>
    <ClInclude Include="..\..\src\core\map.hpp">
      <Filter>Header Files\core</Filter>
    </ClInclude>
    <ClInclude Include="..\..\src\core\map_painter.hpp">
      <Filter>Header Files\core</Filter>
    </ClInclude>
    <ClInclude Include="..\..\src\core\path.hpp">
      <Filter>Header Files\core</Filter>
    </ClInclude>
    <ClInclude Include="..\..\src\core\simple_road_map.hpp">
      <Filter>Header Files\core</Filter>
    </ClInclude>
    <ClInclude Include="..\..\src\localizer\simple_localizer.hpp">
      <Filter>Header Files\localizer</Filter>
    </ClInclude>
    <ClInclude Include="..\..\src\map_manager\map_manager.hpp">
      <Filter>Header Files\map_manager</Filter>
    </ClInclude>
  </ItemGroup>
</Project>